# THIS IS AN AUTOGENERATED FILE. DO NOT EDIT THIS FILE DIRECTLY.
# yarn lockfile v1


"@guigalleta/t-parser@^2.1.1":
  version "2.1.1"
  resolved "https://registry.yarnpkg.com/@guigalleta/t-parser/-/t-parser-2.1.1.tgz#87f965670350fd28a54284935cacca666ff25af7"
  integrity sha512-ipzB2jcwfelCdEhIt4J2P0VcSX9Zzaby3uLQPBXxGjFLjh62b+D6t0B7GyFlD+2ZI0HaCdpVSmjvACLJSzCeZQ==
